
Microsoft Visual Studio Solution File, Format Version 12.00
# Visual Studio Version 17
VisualStudioVersion = 17.1.32414.318
MinimumVisualStudioVersion = 10.0.40219.1
Project("{FAE04EC0-301F-11D3-BF4B-00C04F79EFBC}") = "ukol4", "ukol4\ukol4.csproj", "{14BB6460-44C4-44CE-952F-7112DAFE3770}"
EndProject
Project("{F2A71F9B-5D33-465A-A702-920D77279786}") = "MySort", "MySort\MySort.fsproj", "{AE8AEFAE-9976-4CBB-AF25-B8097FD50560}"
EndProject
Global
	GlobalSection(SolutionConfigurationPlatforms) = preSolution
		Debug|Any CPU = Debug|Any CPU
		Release|Any CPU = Release|Any CPU
	EndGlobalSection
	GlobalSection(ProjectConfigurationPlatforms) = postSolution
		{14BB6460-44C4-44CE-952F-7112DAFE3770}.Debug|Any CPU.ActiveCfg = Debug|Any CPU
		{14BB6460-44C4-44CE-952F-7112DAFE3770}.Debug|Any CPU.Build.0 = Debug|Any CPU
		{14BB6460-44C4-44CE-952F-7112DAFE3770}.Release|Any CPU.ActiveCfg = Release|Any CPU
		{14BB6460-44C4-44CE-952F-7112DAFE3770}.Release|Any CPU.Build.0 = Release|Any CPU
		{AE8AEFAE-9976-4CBB-AF25-B8097FD50560}.Debug|Any CPU.ActiveCfg = Debug|Any CPU
		{AE8AEFAE-9976-4CBB-AF25-B8097FD50560}.Debug|Any CPU.Build.0 = Debug|Any CPU
		{AE8AEFAE-9976-4CBB-AF25-B8097FD50560}.Release|Any CPU.ActiveCfg = Release|Any CPU
		{AE8AEFAE-9976-4CBB-AF25-B8097FD50560}.Release|Any CPU.Build.0 = Release|Any CPU
	EndGlobalSection
	GlobalSection(SolutionProperties) = preSolution
		HideSolutionNode = FALSE
	EndGlobalSection
	GlobalSection(ExtensibilityGlobals) = postSolution
		SolutionGuid = {EDDB305E-EDD0-4F70-A1A8-337CCEBE8392}
	EndGlobalSection
EndGlobal
